
Microsoft Visual Studio Solution File, Format Version 12.00
# Visual Studio Version 17
VisualStudioVersion = 17.13.35919.96
MinimumVisualStudioVersion = 10.0.40219.1
Project("{8BC9CEB8-8B4A-11D0-8D11-00A0C91BC942}") = "Cpp11", "Cpp11\Cpp11.vcxproj", "{7BB7776F-F132-4B3B-9868-F657BA1B8B41}"
EndProject
Project("{8BC9CEB8-8B4A-11D0-8D11-00A0C91BC942}") = "CreateDll", "CreateDll\CreateDll.vcxproj", "{CC146593-3E9B-48E2-9D10-A445F2947B56}"
EndProject
Project("{FAE04EC0-301F-11D3-BF4B-00C04F79EFBC}") = "TestDllCSharp", "TestDllCSharp\TestDllCSharp.csproj", "{7B2785BC-3F51-4ADE-ABA9-C7648DE95889}"
EndProject
Global
	GlobalSection(SolutionConfigurationPlatforms) = preSolution
		Debug|Any CPU = Debug|Any CPU
		Debug|x64 = Debug|x64
		Debug|x86 = Debug|x86
		Release|Any CPU = Release|Any CPU
		Release|x64 = Release|x64
		Release|x86 = Release|x86
	EndGlobalSection
	GlobalSection(ProjectConfigurationPlatforms) = postSolution
		{7BB7776F-F132-4B3B-9868-F657BA1B8B41}.Debug|Any CPU.ActiveCfg = Debug|x64
		{7BB7776F-F132-4B3B-9868-F657BA1B8B41}.Debug|Any CPU.Build.0 = Debug|x64
		{7BB7776F-F132-4B3B-9868-F657BA1B8B41}.Debug|x64.ActiveCfg = Debug|x64
		{7BB7776F-F132-4B3B-9868-F657BA1B8B41}.Debug|x64.Build.0 = Debug|x64
		{7BB7776F-F132-4B3B-9868-F657BA1B8B41}.Debug|x86.ActiveCfg = Debug|Win32
		{7BB7776F-F132-4B3B-9868-F657BA1B8B41}.Debug|x86.Build.0 = Debug|Win32
		{7BB7776F-F132-4B3B-9868-F657BA1B8B41}.Release|Any CPU.ActiveCfg = Release|x64
		{7BB7776F-F132-4B3B-9868-F657BA1B8B41}.Release|Any CPU.Build.0 = Release|x64
		{7BB7776F-F132-4B3B-9868-F657BA1B8B41}.Release|x64.ActiveCfg = Release|x64
		{7BB7776F-F132-4B3B-9868-F657BA1B8B41}.Release|x64.Build.0 = Release|x64
		{7BB7776F-F132-4B3B-9868-F657BA1B8B41}.Release|x86.ActiveCfg = Release|Win32
		{7BB7776F-F132-4B3B-9868-F657BA1B8B41}.Release|x86.Build.0 = Release|Win32
		{CC146593-3E9B-48E2-9D10-A445F2947B56}.Debug|Any CPU.ActiveCfg = Debug|x64
		{CC146593-3E9B-48E2-9D10-A445F2947B56}.Debug|Any CPU.Build.0 = Debug|x64
		{CC146593-3E9B-48E2-9D10-A445F2947B56}.Debug|x64.ActiveCfg = Debug|x64
		{CC146593-3E9B-48E2-9D10-A445F2947B56}.Debug|x64.Build.0 = Debug|x64
		{CC146593-3E9B-48E2-9D10-A445F2947B56}.Debug|x86.ActiveCfg = Debug|Win32
		{CC146593-3E9B-48E2-9D10-A445F2947B56}.Debug|x86.Build.0 = Debug|Win32
		{CC146593-3E9B-48E2-9D10-A445F2947B56}.Release|Any CPU.ActiveCfg = Release|x64
		{CC146593-3E9B-48E2-9D10-A445F2947B56}.Release|Any CPU.Build.0 = Release|x64
		{CC146593-3E9B-48E2-9D10-A445F2947B56}.Release|x64.ActiveCfg = Release|x64
		{CC146593-3E9B-48E2-9D10-A445F2947B56}.Release|x64.Build.0 = Release|x64
		{CC146593-3E9B-48E2-9D10-A445F2947B56}.Release|x86.ActiveCfg = Release|Win32
		{CC146593-3E9B-48E2-9D10-A445F2947B56}.Release|x86.Build.0 = Release|Win32
		{7B2785BC-3F51-4ADE-ABA9-C7648DE95889}.Debug|Any CPU.ActiveCfg = Debug|Any CPU
		{7B2785BC-3F51-4ADE-ABA9-C7648DE95889}.Debug|Any CPU.Build.0 = Debug|Any CPU
		{7B2785BC-3F51-4ADE-ABA9-C7648DE95889}.Debug|x64.ActiveCfg = Debug|Any CPU
		{7B2785BC-3F51-4ADE-ABA9-C7648DE95889}.Debug|x64.Build.0 = Debug|Any CPU
		{7B2785BC-3F51-4ADE-ABA9-C7648DE95889}.Debug|x86.ActiveCfg = Debug|Any CPU
		{7B2785BC-3F51-4ADE-ABA9-C7648DE95889}.Debug|x86.Build.0 = Debug|Any CPU
		{7B2785BC-3F51-4ADE-ABA9-C7648DE95889}.Release|Any CPU.ActiveCfg = Release|Any CPU
		{7B2785BC-3F51-4ADE-ABA9-C7648DE95889}.Release|Any CPU.Build.0 = Release|Any CPU
		{7B2785BC-3F51-4ADE-ABA9-C7648DE95889}.Release|x64.ActiveCfg = Release|Any CPU
		{7B2785BC-3F51-4ADE-ABA9-C7648DE95889}.Release|x64.Build.0 = Release|Any CPU
		{7B2785BC-3F51-4ADE-ABA9-C7648DE95889}.Release|x86.ActiveCfg = Release|Any CPU
		{7B2785BC-3F51-4ADE-ABA9-C7648DE95889}.Release|x86.Build.0 = Release|Any CPU
	EndGlobalSection
	GlobalSection(SolutionProperties) = preSolution
		HideSolutionNode = FALSE
	EndGlobalSection
	GlobalSection(ExtensibilityGlobals) = postSolution
		SolutionGuid = {6E2F3161-A928-4894-85BF-5906F1CD946A}
	EndGlobalSection
EndGlobal
